// !$*UTF8*$!
{
	archiveVersion = 1;
	classes = {
	};
	objectVersion = 46;
	objects = {

/* Begin PBXBuildFile section */
		5C5B46DB2897B4C6C32FFC26 /* Pods_VISPER_Example.framework in Frameworks */ = {isa = PBXBuildFile; fileRef = 08E57F71A22A02BD65A9985E /* Pods_VISPER_Example.framework */; settings = {ATTRIBUTES = (Weak, ); }; };
		6003F58E195388D20070C39A /* Foundation.framework in Frameworks */ = {isa = PBXBuildFile; fileRef = 6003F58D195388D20070C39A /* Foundation.framework */; };
		6003F590195388D20070C39A /* CoreGraphics.framework in Frameworks */ = {isa = PBXBuildFile; fileRef = 6003F58F195388D20070C39A /* CoreGraphics.framework */; };
		6003F592195388D20070C39A /* UIKit.framework in Frameworks */ = {isa = PBXBuildFile; fileRef = 6003F591195388D20070C39A /* UIKit.framework */; };
		6003F598195388D20070C39A /* InfoPlist.strings in Resources */ = {isa = PBXBuildFile; fileRef = 6003F596195388D20070C39A /* InfoPlist.strings */; };
		6003F59A195388D20070C39A /* main.m in Sources */ = {isa = PBXBuildFile; fileRef = 6003F599195388D20070C39A /* main.m */; };
		6003F5A9195388D20070C39A /* Images.xcassets in Resources */ = {isa = PBXBuildFile; fileRef = 6003F5A8195388D20070C39A /* Images.xcassets */; };
		6003F5B0195388D20070C39A /* XCTest.framework in Frameworks */ = {isa = PBXBuildFile; fileRef = 6003F5AF195388D20070C39A /* XCTest.framework */; };
		6003F5B1195388D20070C39A /* Foundation.framework in Frameworks */ = {isa = PBXBuildFile; fileRef = 6003F58D195388D20070C39A /* Foundation.framework */; };
		6003F5B2195388D20070C39A /* UIKit.framework in Frameworks */ = {isa = PBXBuildFile; fileRef = 6003F591195388D20070C39A /* UIKit.framework */; };
		6003F5BA195388D20070C39A /* InfoPlist.strings in Resources */ = {isa = PBXBuildFile; fileRef = 6003F5B8195388D20070C39A /* InfoPlist.strings */; };
		6003F5BC195388D20070C39A /* Tests.m in Sources */ = {isa = PBXBuildFile; fileRef = 6003F5BB195388D20070C39A /* Tests.m */; };
		9A07CB0A1B520F5C002617A8 /* Example2VisperViewController.m in Sources */ = {isa = PBXBuildFile; fileRef = 9A07CB081B520F5C002617A8 /* Example2VisperViewController.m */; };
		9A07CB0B1B520F5C002617A8 /* Example2VisperViewController.xib in Resources */ = {isa = PBXBuildFile; fileRef = 9A07CB091B520F5C002617A8 /* Example2VisperViewController.xib */; };
		9A07CB0F1B521099002617A8 /* Example2VisperViewControllerPresenter.m in Sources */ = {isa = PBXBuildFile; fileRef = 9A07CB0E1B521099002617A8 /* Example2VisperViewControllerPresenter.m */; };
		9A3457BC1B52B827002261DD /* Example3VisperViewController.m in Sources */ = {isa = PBXBuildFile; fileRef = 9A3457B71B52B827002261DD /* Example3VisperViewController.m */; };
		9A3457BD1B52B827002261DD /* Example3VisperViewController.xib in Resources */ = {isa = PBXBuildFile; fileRef = 9A3457B81B52B827002261DD /* Example3VisperViewController.xib */; };
		9A3457BE1B52B827002261DD /* Example3VisperViewControllerPresenter.m in Sources */ = {isa = PBXBuildFile; fileRef = 9A3457BB1B52B827002261DD /* Example3VisperViewControllerPresenter.m */; };
		9A6CDC5C1B514DA600A29FD6 /* Application.xib in Resources */ = {isa = PBXBuildFile; fileRef = 9A6CDC531B514DA600A29FD6 /* Application.xib */; };
		9A6CDC5D1B514DA600A29FD6 /* Example1VisperViewController.m in Sources */ = {isa = PBXBuildFile; fileRef = 9A6CDC561B514DA600A29FD6 /* Example1VisperViewController.m */; };
		9A6CDC5E1B514DA600A29FD6 /* Example1VisperViewController.xib in Resources */ = {isa = PBXBuildFile; fileRef = 9A6CDC571B514DA600A29FD6 /* Example1VisperViewController.xib */; };
		9A6CDC5F1B514DA600A29FD6 /* Example1VisperViewControllerPresenter.m in Sources */ = {isa = PBXBuildFile; fileRef = 9A6CDC5A1B514DA600A29FD6 /* Example1VisperViewControllerPresenter.m */; };
		9ABA5E601B5A6CAB00A778B1 /* AppDelegate.m in Sources */ = {isa = PBXBuildFile; fileRef = 9ABA5E5F1B5A6CAB00A778B1 /* AppDelegate.m */; };
		D6628BCE8774C32B9F2CEE5E /* Pods_VISPER_Tests.framework in Frameworks */ = {isa = PBXBuildFile; fileRef = 759AF88BAA8A5B83A989B73F /* Pods_VISPER_Tests.framework */; settings = {ATTRIBUTES = (Weak, ); }; };
/* End PBXBuildFile section */

/* Begin PBXContainerItemProxy section */
		6003F5B3195388D20070C39A /* PBXContainerItemProxy */ = {
			isa = PBXContainerItemProxy;
			containerPortal = 6003F582195388D10070C39A /* Project object */;
			proxyType = 1;
			remoteGlobalIDString = 6003F589195388D20070C39A;
			remoteInfo = VISPER;
		};
/* End PBXContainerItemProxy section */

/* Begin PBXFileReference section */
		08E57F71A22A02BD65A9985E /* Pods_VISPER_Example.framework */ = {isa = PBXFileReference; explicitFileType = wrapper.framework; includeInIndex = 0; path = Pods_VISPER_Example.framework; sourceTree = BUILT_PRODUCTS_DIR; };
		140269A6E6A9D4751D5AE028 /* Pods-VISPER_Tests.release.xcconfig */ = {isa = PBXFileReference; includeInIndex = 1; lastKnownFileType = text.xcconfig; name = "Pods-VISPER_Tests.release.xcconfig"; path = "Pods/Target Support Files/Pods-VISPER_Tests/Pods-VISPER_Tests.release.xcconfig"; sourceTree = "<group>"; };
		319A4985D7911331C90C5F5E /* Pods-VISPER_Example.debug.xcconfig */ = {isa = PBXFileReference; includeInIndex = 1; lastKnownFileType = text.xcconfig; name = "Pods-VISPER_Example.debug.xcconfig"; path = "Pods/Target Support Files/Pods-VISPER_Example/Pods-VISPER_Example.debug.xcconfig"; sourceTree = "<group>"; };
		6003F58A195388D20070C39A /* VISPER_Example.app */ = {isa = PBXFileReference; explicitFileType = wrapper.application; includeInIndex = 0; path = VISPER_Example.app; sourceTree = BUILT_PRODUCTS_DIR; };
		6003F58D195388D20070C39A /* Foundation.framework */ = {isa = PBXFileReference; lastKnownFileType = wrapper.framework; name = Foundation.framework; path = System/Library/Frameworks/Foundation.framework; sourceTree = SDKROOT; };
		6003F58F195388D20070C39A /* CoreGraphics.framework */ = {isa = PBXFileReference; lastKnownFileType = wrapper.framework; name = CoreGraphics.framework; path = System/Library/Frameworks/CoreGraphics.framework; sourceTree = SDKROOT; };
		6003F591195388D20070C39A /* UIKit.framework */ = {isa = PBXFileReference; lastKnownFileType = wrapper.framework; name = UIKit.framework; path = System/Library/Frameworks/UIKit.framework; sourceTree = SDKROOT; };
		6003F595195388D20070C39A /* VISPER-Info.plist */ = {isa = PBXFileReference; lastKnownFileType = text.plist.xml; path = "VISPER-Info.plist"; sourceTree = "<group>"; };
		6003F597195388D20070C39A /* en */ = {isa = PBXFileReference; lastKnownFileType = text.plist.strings; name = en; path = en.lproj/InfoPlist.strings; sourceTree = "<group>"; };
		6003F599195388D20070C39A /* main.m */ = {isa = PBXFileReference; lastKnownFileType = sourcecode.c.objc; path = main.m; sourceTree = "<group>"; };
		6003F59B195388D20070C39A /* VISPER-Prefix.pch */ = {isa = PBXFileReference; lastKnownFileType = sourcecode.c.h; path = "VISPER-Prefix.pch"; sourceTree = "<group>"; };
		6003F5A8195388D20070C39A /* Images.xcassets */ = {isa = PBXFileReference; lastKnownFileType = folder.assetcatalog; path = Images.xcassets; sourceTree = "<group>"; };
		6003F5AE195388D20070C39A /* VISPER_Tests.xctest */ = {isa = PBXFileReference; explicitFileType = wrapper.cfbundle; includeInIndex = 0; path = VISPER_Tests.xctest; sourceTree = BUILT_PRODUCTS_DIR; };
		6003F5AF195388D20070C39A /* XCTest.framework */ = {isa = PBXFileReference; lastKnownFileType = wrapper.framework; name = XCTest.framework; path = Library/Frameworks/XCTest.framework; sourceTree = DEVELOPER_DIR; };
		6003F5B7195388D20070C39A /* Tests-Info.plist */ = {isa = PBXFileReference; lastKnownFileType = text.plist.xml; path = "Tests-Info.plist"; sourceTree = "<group>"; };
		6003F5B9195388D20070C39A /* en */ = {isa = PBXFileReference; lastKnownFileType = text.plist.strings; name = en; path = en.lproj/InfoPlist.strings; sourceTree = "<group>"; };
		6003F5BB195388D20070C39A /* Tests.m */ = {isa = PBXFileReference; lastKnownFileType = sourcecode.c.objc; path = Tests.m; sourceTree = "<group>"; };
		606FC2411953D9B200FFA9A0 /* Tests-Prefix.pch */ = {isa = PBXFileReference; lastKnownFileType = sourcecode.c.h; path = "Tests-Prefix.pch"; sourceTree = "<group>"; };
		6B2CD59265BF6589880C1573 /* VISPER.podspec */ = {isa = PBXFileReference; includeInIndex = 1; lastKnownFileType = text; name = VISPER.podspec; path = ../VISPER.podspec; sourceTree = "<group>"; };
		759AF88BAA8A5B83A989B73F /* Pods_VISPER_Tests.framework */ = {isa = PBXFileReference; explicitFileType = wrapper.framework; includeInIndex = 0; path = Pods_VISPER_Tests.framework; sourceTree = BUILT_PRODUCTS_DIR; };
		9A07CB071B520F5C002617A8 /* Example2VisperViewController.h */ = {isa = PBXFileReference; fileEncoding = 4; lastKnownFileType = sourcecode.c.h; name = Example2VisperViewController.h; path = Example2Controller/Example2VisperViewController.h; sourceTree = "<group>"; };
		9A07CB081B520F5C002617A8 /* Example2VisperViewController.m */ = {isa = PBXFileReference; fileEncoding = 4; lastKnownFileType = sourcecode.c.objc; name = Example2VisperViewController.m; path = Example2Controller/Example2VisperViewController.m; sourceTree = "<group>"; };
		9A07CB091B520F5C002617A8 /* Example2VisperViewController.xib */ = {isa = PBXFileReference; fileEncoding = 4; lastKnownFileType = file.xib; name = Example2VisperViewController.xib; path = Example2Controller/Example2VisperViewController.xib; sourceTree = "<group>"; };
		9A07CB0D1B521099002617A8 /* Example2VisperViewControllerPresenter.h */ = {isa = PBXFileReference; fileEncoding = 4; lastKnownFileType = sourcecode.c.h; name = Example2VisperViewControllerPresenter.h; path = Example2Controller/Presenter/Example2VisperViewControllerPresenter.h; sourceTree = "<group>"; };
		9A07CB0E1B521099002617A8 /* Example2VisperViewControllerPresenter.m */ = {isa = PBXFileReference; fileEncoding = 4; lastKnownFileType = sourcecode.c.objc; name = Example2VisperViewControllerPresenter.m; path = Example2Controller/Presenter/Example2VisperViewControllerPresenter.m; sourceTree = "<group>"; };
		9A3457B61B52B827002261DD /* Example3VisperViewController.h */ = {isa = PBXFileReference; fileEncoding = 4; lastKnownFileType = sourcecode.c.h; path = Example3VisperViewController.h; sourceTree = "<group>"; };
		9A3457B71B52B827002261DD /* Example3VisperViewController.m */ = {isa = PBXFileReference; fileEncoding = 4; lastKnownFileType = sourcecode.c.objc; path = Example3VisperViewController.m; sourceTree = "<group>"; };
		9A3457B81B52B827002261DD /* Example3VisperViewController.xib */ = {isa = PBXFileReference; fileEncoding = 4; lastKnownFileType = file.xib; path = Example3VisperViewController.xib; sourceTree = "<group>"; };
		9A3457BA1B52B827002261DD /* Example3VisperViewControllerPresenter.h */ = {isa = PBXFileReference; fileEncoding = 4; lastKnownFileType = sourcecode.c.h; path = Example3VisperViewControllerPresenter.h; sourceTree = "<group>"; };
		9A3457BB1B52B827002261DD /* Example3VisperViewControllerPresenter.m */ = {isa = PBXFileReference; fileEncoding = 4; lastKnownFileType = sourcecode.c.objc; path = Example3VisperViewControllerPresenter.m; sourceTree = "<group>"; };
		9A6CDC511B514DA600A29FD6 /* AppDelegate.h */ = {isa = PBXFileReference; fileEncoding = 4; lastKnownFileType = sourcecode.c.h; path = AppDelegate.h; sourceTree = "<group>"; };
		9A6CDC531B514DA600A29FD6 /* Application.xib */ = {isa = PBXFileReference; fileEncoding = 4; lastKnownFileType = file.xib; path = Application.xib; sourceTree = "<group>"; };
		9A6CDC551B514DA600A29FD6 /* Example1VisperViewController.h */ = {isa = PBXFileReference; fileEncoding = 4; lastKnownFileType = sourcecode.c.h; path = Example1VisperViewController.h; sourceTree = "<group>"; };
		9A6CDC561B514DA600A29FD6 /* Example1VisperViewController.m */ = {isa = PBXFileReference; fileEncoding = 4; lastKnownFileType = sourcecode.c.objc; path = Example1VisperViewController.m; sourceTree = "<group>"; };
		9A6CDC571B514DA600A29FD6 /* Example1VisperViewController.xib */ = {isa = PBXFileReference; fileEncoding = 4; lastKnownFileType = file.xib; path = Example1VisperViewController.xib; sourceTree = "<group>"; };
		9A6CDC591B514DA600A29FD6 /* Example1VisperViewControllerPresenter.h */ = {isa = PBXFileReference; fileEncoding = 4; lastKnownFileType = sourcecode.c.h; path = Example1VisperViewControllerPresenter.h; sourceTree = "<group>"; };
		9A6CDC5A1B514DA600A29FD6 /* Example1VisperViewControllerPresenter.m */ = {isa = PBXFileReference; fileEncoding = 4; lastKnownFileType = sourcecode.c.objc; path = Example1VisperViewControllerPresenter.m; sourceTree = "<group>"; };
		9ABA5E5F1B5A6CAB00A778B1 /* AppDelegate.m */ = {isa = PBXFileReference; fileEncoding = 4; lastKnownFileType = sourcecode.c.objc; path = AppDelegate.m; sourceTree = "<group>"; };
		A556768BB39F29B0CB31A65B /* Pods-VISPER_Tests.debug.xcconfig */ = {isa = PBXFileReference; includeInIndex = 1; lastKnownFileType = text.xcconfig; name = "Pods-VISPER_Tests.debug.xcconfig"; path = "Pods/Target Support Files/Pods-VISPER_Tests/Pods-VISPER_Tests.debug.xcconfig"; sourceTree = "<group>"; };
		A8AE3CD1BB0F2452F47336B6 /* README.md */ = {isa = PBXFileReference; includeInIndex = 1; lastKnownFileType = net.daringfireball.markdown; name = README.md; path = ../README.md; sourceTree = "<group>"; };
		CFCCE0151092EBBA3C3F4978 /* LICENSE */ = {isa = PBXFileReference; includeInIndex = 1; lastKnownFileType = text; name = LICENSE; path = ../LICENSE; sourceTree = "<group>"; };
		D8706D22F30C2BA3679D8527 /* Pods-VISPER_Example.release.xcconfig */ = {isa = PBXFileReference; includeInIndex = 1; lastKnownFileType = text.xcconfig; name = "Pods-VISPER_Example.release.xcconfig"; path = "Pods/Target Support Files/Pods-VISPER_Example/Pods-VISPER_Example.release.xcconfig"; sourceTree = "<group>"; };
/* End PBXFileReference section */

/* Begin PBXFrameworksBuildPhase section */
		6003F587195388D20070C39A /* Frameworks */ = {
			isa = PBXFrameworksBuildPhase;
			buildActionMask = 2147483647;
			files = (
				6003F590195388D20070C39A /* CoreGraphics.framework in Frameworks */,
				6003F592195388D20070C39A /* UIKit.framework in Frameworks */,
				6003F58E195388D20070C39A /* Foundation.framework in Frameworks */,
				5C5B46DB2897B4C6C32FFC26 /* Pods_VISPER_Example.framework in Frameworks */,
			);
			runOnlyForDeploymentPostprocessing = 0;
		};
		6003F5AB195388D20070C39A /* Frameworks */ = {
			isa = PBXFrameworksBuildPhase;
			buildActionMask = 2147483647;
			files = (
				6003F5B0195388D20070C39A /* XCTest.framework in Frameworks */,
				6003F5B2195388D20070C39A /* UIKit.framework in Frameworks */,
				6003F5B1195388D20070C39A /* Foundation.framework in Frameworks */,
				D6628BCE8774C32B9F2CEE5E /* Pods_VISPER_Tests.framework in Frameworks */,
			);
			runOnlyForDeploymentPostprocessing = 0;
		};
/* End PBXFrameworksBuildPhase section */

/* Begin PBXGroup section */
		101791AB4A17C92286C783F7 /* Pods */ = {
			isa = PBXGroup;
			children = (
				319A4985D7911331C90C5F5E /* Pods-VISPER_Example.debug.xcconfig */,
				D8706D22F30C2BA3679D8527 /* Pods-VISPER_Example.release.xcconfig */,
				A556768BB39F29B0CB31A65B /* Pods-VISPER_Tests.debug.xcconfig */,
				140269A6E6A9D4751D5AE028 /* Pods-VISPER_Tests.release.xcconfig */,
			);
			name = Pods;
			sourceTree = "<group>";
		};
		6003F581195388D10070C39A = {
			isa = PBXGroup;
			children = (
				60FF7A9C1954A5C5007DD14C /* Podspec Metadata */,
				6003F593195388D20070C39A /* Example */,
				6003F5B5195388D20070C39A /* Tests */,
				6003F58C195388D20070C39A /* Frameworks */,
				6003F58B195388D20070C39A /* Products */,
				101791AB4A17C92286C783F7 /* Pods */,
			);
			sourceTree = "<group>";
		};
		6003F58B195388D20070C39A /* Products */ = {
			isa = PBXGroup;
			children = (
				6003F58A195388D20070C39A /* VISPER_Example.app */,
				6003F5AE195388D20070C39A /* VISPER_Tests.xctest */,
			);
			name = Products;
			sourceTree = "<group>";
		};
		6003F58C195388D20070C39A /* Frameworks */ = {
			isa = PBXGroup;
			children = (
				6003F58D195388D20070C39A /* Foundation.framework */,
				6003F58F195388D20070C39A /* CoreGraphics.framework */,
				6003F591195388D20070C39A /* UIKit.framework */,
				6003F5AF195388D20070C39A /* XCTest.framework */,
				08E57F71A22A02BD65A9985E /* Pods_VISPER_Example.framework */,
				759AF88BAA8A5B83A989B73F /* Pods_VISPER_Tests.framework */,
			);
			name = Frameworks;
			sourceTree = "<group>";
		};
		6003F593195388D20070C39A /* Example */ = {
			isa = PBXGroup;
			children = (
				9A6CDC501B514DA600A29FD6 /* App */,
				9A6CDC541B514DA600A29FD6 /* Example1Controller */,
				9A07CB061B520F01002617A8 /* Example2Controller */,
				9A3457B51B52B827002261DD /* Example3Controller */,
				6003F5A8195388D20070C39A /* Images.xcassets */,
				6003F594195388D20070C39A /* Supporting Files */,
			);
			name = Example;
			path = VISPER;
			sourceTree = "<group>";
		};
		6003F594195388D20070C39A /* Supporting Files */ = {
			isa = PBXGroup;
			children = (
				6003F595195388D20070C39A /* VISPER-Info.plist */,
				6003F596195388D20070C39A /* InfoPlist.strings */,
				6003F599195388D20070C39A /* main.m */,
				6003F59B195388D20070C39A /* VISPER-Prefix.pch */,
			);
			name = "Supporting Files";
			sourceTree = "<group>";
		};
		6003F5B5195388D20070C39A /* Tests */ = {
			isa = PBXGroup;
			children = (
				6003F5BB195388D20070C39A /* Tests.m */,
				6003F5B6195388D20070C39A /* Supporting Files */,
			);
			path = Tests;
			sourceTree = "<group>";
		};
		6003F5B6195388D20070C39A /* Supporting Files */ = {
			isa = PBXGroup;
			children = (
				6003F5B7195388D20070C39A /* Tests-Info.plist */,
				6003F5B8195388D20070C39A /* InfoPlist.strings */,
				606FC2411953D9B200FFA9A0 /* Tests-Prefix.pch */,
			);
			name = "Supporting Files";
			sourceTree = "<group>";
		};
		60FF7A9C1954A5C5007DD14C /* Podspec Metadata */ = {
			isa = PBXGroup;
			children = (
				6B2CD59265BF6589880C1573 /* VISPER.podspec */,
				A8AE3CD1BB0F2452F47336B6 /* README.md */,
				CFCCE0151092EBBA3C3F4978 /* LICENSE */,
			);
			name = "Podspec Metadata";
			sourceTree = "<group>";
		};
		9A07CB061B520F01002617A8 /* Example2Controller */ = {
			isa = PBXGroup;
			children = (
				9A07CB0C1B521012002617A8 /* Presenter */,
				9A07CB071B520F5C002617A8 /* Example2VisperViewController.h */,
				9A07CB081B520F5C002617A8 /* Example2VisperViewController.m */,
				9A07CB091B520F5C002617A8 /* Example2VisperViewController.xib */,
			);
			name = Example2Controller;
			sourceTree = "<group>";
		};
		9A07CB0C1B521012002617A8 /* Presenter */ = {
			isa = PBXGroup;
			children = (
				9A07CB0D1B521099002617A8 /* Example2VisperViewControllerPresenter.h */,
				9A07CB0E1B521099002617A8 /* Example2VisperViewControllerPresenter.m */,
			);
			name = Presenter;
			sourceTree = "<group>";
		};
		9A3457B51B52B827002261DD /* Example3Controller */ = {
			isa = PBXGroup;
			children = (
				9A3457B61B52B827002261DD /* Example3VisperViewController.h */,
				9A3457B71B52B827002261DD /* Example3VisperViewController.m */,
				9A3457B81B52B827002261DD /* Example3VisperViewController.xib */,
				9A3457B91B52B827002261DD /* presenter */,
			);
			path = Example3Controller;
			sourceTree = "<group>";
		};
		9A3457B91B52B827002261DD /* presenter */ = {
			isa = PBXGroup;
			children = (
				9A3457BA1B52B827002261DD /* Example3VisperViewControllerPresenter.h */,
				9A3457BB1B52B827002261DD /* Example3VisperViewControllerPresenter.m */,
			);
			path = presenter;
			sourceTree = "<group>";
		};
		9A6CDC501B514DA600A29FD6 /* App */ = {
			isa = PBXGroup;
			children = (
				9A6CDC511B514DA600A29FD6 /* AppDelegate.h */,
				9ABA5E5F1B5A6CAB00A778B1 /* AppDelegate.m */,
				9A6CDC531B514DA600A29FD6 /* Application.xib */,
			);
			path = App;
			sourceTree = "<group>";
		};
		9A6CDC541B514DA600A29FD6 /* Example1Controller */ = {
			isa = PBXGroup;
			children = (
				9A6CDC551B514DA600A29FD6 /* Example1VisperViewController.h */,
				9A6CDC561B514DA600A29FD6 /* Example1VisperViewController.m */,
				9A6CDC571B514DA600A29FD6 /* Example1VisperViewController.xib */,
				9A6CDC581B514DA600A29FD6 /* Presenter */,
			);
			path = Example1Controller;
			sourceTree = "<group>";
		};
		9A6CDC581B514DA600A29FD6 /* Presenter */ = {
			isa = PBXGroup;
			children = (
				9A6CDC591B514DA600A29FD6 /* Example1VisperViewControllerPresenter.h */,
				9A6CDC5A1B514DA600A29FD6 /* Example1VisperViewControllerPresenter.m */,
			);
			path = Presenter;
			sourceTree = "<group>";
		};
/* End PBXGroup section */

/* Begin PBXNativeTarget section */
		6003F589195388D20070C39A /* VISPER_Example */ = {
			isa = PBXNativeTarget;
			buildConfigurationList = 6003F5BF195388D20070C39A /* Build configuration list for PBXNativeTarget "VISPER_Example" */;
			buildPhases = (
				052A37942AB5E2B1212A6962 /* Check Pods Manifest.lock */,
				6003F586195388D20070C39A /* Sources */,
				6003F587195388D20070C39A /* Frameworks */,
				6003F588195388D20070C39A /* Resources */,
				631B8E126643908583110CB4 /* Embed Pods Frameworks */,
				E8BF6EFF2540870868EE1F37 /* Copy Pods Resources */,
			);
			buildRules = (
			);
			dependencies = (
			);
			name = VISPER_Example;
			productName = VISPER;
			productReference = 6003F58A195388D20070C39A /* VISPER_Example.app */;
			productType = "com.apple.product-type.application";
		};
		6003F5AD195388D20070C39A /* VISPER_Tests */ = {
			isa = PBXNativeTarget;
			buildConfigurationList = 6003F5C2195388D20070C39A /* Build configuration list for PBXNativeTarget "VISPER_Tests" */;
			buildPhases = (
				498EF0EE1EC0D33917EA837A /* Check Pods Manifest.lock */,
				6003F5AA195388D20070C39A /* Sources */,
				6003F5AB195388D20070C39A /* Frameworks */,
				6003F5AC195388D20070C39A /* Resources */,
				20EF16776D8B94663DC2D1C0 /* Embed Pods Frameworks */,
				6B7430A9B372171B51ECC1D5 /* Copy Pods Resources */,
			);
			buildRules = (
			);
			dependencies = (
				6003F5B4195388D20070C39A /* PBXTargetDependency */,
			);
			name = VISPER_Tests;
			productName = VISPERTests;
			productReference = 6003F5AE195388D20070C39A /* VISPER_Tests.xctest */;
			productType = "com.apple.product-type.bundle.unit-test";
		};
/* End PBXNativeTarget section */

/* Begin PBXProject section */
		6003F582195388D10070C39A /* Project object */ = {
			isa = PBXProject;
			attributes = {
				CLASSPREFIX = VISPERExample;
				LastUpgradeCheck = 0510;
				ORGANIZATIONNAME = "Jan Bartel";
				TargetAttributes = {
					6003F5AD195388D20070C39A = {
						TestTargetID = 6003F589195388D20070C39A;
					};
				};
			};
			buildConfigurationList = 6003F585195388D10070C39A /* Build configuration list for PBXProject "VISPER" */;
			compatibilityVersion = "Xcode 3.2";
			developmentRegion = English;
			hasScannedForEncodings = 0;
			knownRegions = (
				en,
				Base,
			);
			mainGroup = 6003F581195388D10070C39A;
			productRefGroup = 6003F58B195388D20070C39A /* Products */;
			projectDirPath = "";
			projectRoot = "";
			targets = (
				6003F589195388D20070C39A /* VISPER_Example */,
				6003F5AD195388D20070C39A /* VISPER_Tests */,
			);
		};
/* End PBXProject section */

/* Begin PBXResourcesBuildPhase section */
		6003F588195388D20070C39A /* Resources */ = {
			isa = PBXResourcesBuildPhase;
			buildActionMask = 2147483647;
			files = (
				9A3457BD1B52B827002261DD /* Example3VisperViewController.xib in Resources */,
				9A6CDC5E1B514DA600A29FD6 /* Example1VisperViewController.xib in Resources */,
				9A6CDC5C1B514DA600A29FD6 /* Application.xib in Resources */,
				6003F5A9195388D20070C39A /* Images.xcassets in Resources */,
				9A07CB0B1B520F5C002617A8 /* Example2VisperViewController.xib in Resources */,
				6003F598195388D20070C39A /* InfoPlist.strings in Resources */,
			);
			runOnlyForDeploymentPostprocessing = 0;
		};
		6003F5AC195388D20070C39A /* Resources */ = {
			isa = PBXResourcesBuildPhase;
			buildActionMask = 2147483647;
			files = (
				6003F5BA195388D20070C39A /* InfoPlist.strings in Resources */,
			);
			runOnlyForDeploymentPostprocessing = 0;
		};
/* End PBXResourcesBuildPhase section */

/* Begin PBXShellScriptBuildPhase section */
		052A37942AB5E2B1212A6962 /* Check Pods Manifest.lock */ = {
			isa = PBXShellScriptBuildPhase;
			buildActionMask = 2147483647;
			files = (
			);
			inputPaths = (
			);
			name = "Check Pods Manifest.lock";
			outputPaths = (
			);
			runOnlyForDeploymentPostprocessing = 0;
			shellPath = /bin/sh;
			shellScript = "diff \"${PODS_ROOT}/../Podfile.lock\" \"${PODS_ROOT}/Manifest.lock\" > /dev/null\nif [[ $? != 0 ]] ; then\n    cat << EOM\nerror: The sandbox is not in sync with the Podfile.lock. Run 'pod install' or update your CocoaPods installation.\nEOM\n    exit 1\nfi\n";
			showEnvVarsInLog = 0;
		};
		20EF16776D8B94663DC2D1C0 /* Embed Pods Frameworks */ = {
			isa = PBXShellScriptBuildPhase;
			buildActionMask = 2147483647;
			files = (
			);
			inputPaths = (
			);
			name = "Embed Pods Frameworks";
			outputPaths = (
			);
			runOnlyForDeploymentPostprocessing = 0;
			shellPath = /bin/sh;
			shellScript = "\"${SRCROOT}/Pods/Target Support Files/Pods-VISPER_Tests/Pods-VISPER_Tests-frameworks.sh\"\n";
			showEnvVarsInLog = 0;
		};
		498EF0EE1EC0D33917EA837A /* Check Pods Manifest.lock */ = {
			isa = PBXShellScriptBuildPhase;
			buildActionMask = 2147483647;
			files = (
			);
			inputPaths = (
			);
			name = "Check Pods Manifest.lock";
			outputPaths = (
			);
			runOnlyForDeploymentPostprocessing = 0;
			shellPath = /bin/sh;
			shellScript = "diff \"${PODS_ROOT}/../Podfile.lock\" \"${PODS_ROOT}/Manifest.lock\" > /dev/null\nif [[ $? != 0 ]] ; then\n    cat << EOM\nerror: The sandbox is not in sync with the Podfile.lock. Run 'pod install' or update your CocoaPods installation.\nEOM\n    exit 1\nfi\n";
			showEnvVarsInLog = 0;
		};
		631B8E126643908583110CB4 /* Embed Pods Frameworks */ = {
			isa = PBXShellScriptBuildPhase;
			buildActionMask = 2147483647;
			files = (
			);
			inputPaths = (
			);
			name = "Embed Pods Frameworks";
			outputPaths = (
			);
			runOnlyForDeploymentPostprocessing = 0;
			shellPath = /bin/sh;
			shellScript = "\"${SRCROOT}/Pods/Target Support Files/Pods-VISPER_Example/Pods-VISPER_Example-frameworks.sh\"\n";
			showEnvVarsInLog = 0;
		};
		6B7430A9B372171B51ECC1D5 /* Copy Pods Resources */ = {
			isa = PBXShellScriptBuildPhase;
			buildActionMask = 2147483647;
			files = (
			);
			inputPaths = (
			);
			name = "Copy Pods Resources";
			outputPaths = (
			);
			runOnlyForDeploymentPostprocessing = 0;
			shellPath = /bin/sh;
			shellScript = "\"${SRCROOT}/Pods/Target Support Files/Pods-VISPER_Tests/Pods-VISPER_Tests-resources.sh\"\n";
			showEnvVarsInLog = 0;
		};
		E8BF6EFF2540870868EE1F37 /* Copy Pods Resources */ = {
			isa = PBXShellScriptBuildPhase;
			buildActionMask = 2147483647;
			files = (
			);
			inputPaths = (
			);
			name = "Copy Pods Resources";
			outputPaths = (
			);
			runOnlyForDeploymentPostprocessing = 0;
			shellPath = /bin/sh;
			shellScript = "\"${SRCROOT}/Pods/Target Support Files/Pods-VISPER_Example/Pods-VISPER_Example-resources.sh\"\n";
			showEnvVarsInLog = 0;
		};
/* End PBXShellScriptBuildPhase section */

/* Begin PBXSourcesBuildPhase section */
		6003F586195388D20070C39A /* Sources */ = {
			isa = PBXSourcesBuildPhase;
			buildActionMask = 2147483647;
			files = (
				9A3457BE1B52B827002261DD /* Example3VisperViewControllerPresenter.m in Sources */,
				9A07CB0A1B520F5C002617A8 /* Example2VisperViewController.m in Sources */,
				9A3457BC1B52B827002261DD /* Example3VisperViewController.m in Sources */,
				9A07CB0F1B521099002617A8 /* Example2VisperViewControllerPresenter.m in Sources */,
				9ABA5E601B5A6CAB00A778B1 /* AppDelegate.m in Sources */,
				9A6CDC5F1B514DA600A29FD6 /* Example1VisperViewControllerPresenter.m in Sources */,
				6003F59A195388D20070C39A /* main.m in Sources */,
				9A6CDC5D1B514DA600A29FD6 /* Example1VisperViewController.m in Sources */,
			);
			runOnlyForDeploymentPostprocessing = 0;
		};
		6003F5AA195388D20070C39A /* Sources */ = {
			isa = PBXSourcesBuildPhase;
			buildActionMask = 2147483647;
			files = (
				6003F5BC195388D20070C39A /* Tests.m in Sources */,
			);
			runOnlyForDeploymentPostprocessing = 0;
		};
/* End PBXSourcesBuildPhase section */

/* Begin PBXTargetDependency section */
		6003F5B4195388D20070C39A /* PBXTargetDependency */ = {
			isa = PBXTargetDependency;
			target = 6003F589195388D20070C39A /* VISPER_Example */;
			targetProxy = 6003F5B3195388D20070C39A /* PBXContainerItemProxy */;
		};
/* End PBXTargetDependency section */

/* Begin PBXVariantGroup section */
		6003F596195388D20070C39A /* InfoPlist.strings */ = {
			isa = PBXVariantGroup;
			children = (
				6003F597195388D20070C39A /* en */,
			);
			name = InfoPlist.strings;
			sourceTree = "<group>";
		};
		6003F5B8195388D20070C39A /* InfoPlist.strings */ = {
			isa = PBXVariantGroup;
			children = (
				6003F5B9195388D20070C39A /* en */,
			);
			name = InfoPlist.strings;
			sourceTree = "<group>";
		};
/* End PBXVariantGroup section */

/* Begin XCBuildConfiguration section */
		6003F5BD195388D20070C39A /* Debug */ = {
			isa = XCBuildConfiguration;
			buildSettings = {
				ALWAYS_SEARCH_USER_PATHS = NO;
				CLANG_CXX_LANGUAGE_STANDARD = "gnu++0x";
				CLANG_CXX_LIBRARY = "libc++";
				CLANG_ENABLE_MODULES = YES;
				CLANG_ENABLE_OBJC_ARC = YES;
				CLANG_WARN_BOOL_CONVERSION = YES;
				CLANG_WARN_CONSTANT_CONVERSION = YES;
				CLANG_WARN_DIRECT_OBJC_ISA_USAGE = YES_ERROR;
				CLANG_WARN_EMPTY_BODY = YES;
				CLANG_WARN_ENUM_CONVERSION = YES;
				CLANG_WARN_INT_CONVERSION = YES;
				CLANG_WARN_OBJC_ROOT_CLASS = YES_ERROR;
				CLANG_WARN__DUPLICATE_METHOD_MATCH = YES;
				"CODE_SIGN_IDENTITY[sdk=iphoneos*]" = "iPhone Developer";
				COPY_PHASE_STRIP = NO;
				GCC_C_LANGUAGE_STANDARD = gnu99;
				GCC_DYNAMIC_NO_PIC = NO;
				GCC_OPTIMIZATION_LEVEL = 0;
				GCC_PREPROCESSOR_DEFINITIONS = (
					"DEBUG=1",
					"$(inherited)",
				);
				GCC_SYMBOLS_PRIVATE_EXTERN = NO;
				GCC_WARN_64_TO_32_BIT_CONVERSION = YES;
				GCC_WARN_ABOUT_RETURN_TYPE = YES_ERROR;
				GCC_WARN_UNDECLARED_SELECTOR = YES;
				GCC_WARN_UNINITIALIZED_AUTOS = YES_AGGRESSIVE;
				GCC_WARN_UNUSED_FUNCTION = YES;
				GCC_WARN_UNUSED_VARIABLE = YES;
				IPHONEOS_DEPLOYMENT_TARGET = 7.1;
				ONLY_ACTIVE_ARCH = YES;
				SDKROOT = iphoneos;
				TARGETED_DEVICE_FAMILY = "1,2";
			};
			name = Debug;
		};
		6003F5BE195388D20070C39A /* Release */ = {
			isa = XCBuildConfiguration;
			buildSettings = {
				ALWAYS_SEARCH_USER_PATHS = NO;
				CLANG_CXX_LANGUAGE_STANDARD = "gnu++0x";
				CLANG_CXX_LIBRARY = "libc++";
				CLANG_ENABLE_MODULES = YES;
				CLANG_ENABLE_OBJC_ARC = YES;
				CLANG_WARN_BOOL_CONVERSION = YES;
				CLANG_WARN_CONSTANT_CONVERSION = YES;
				CLANG_WARN_DIRECT_OBJC_ISA_USAGE = YES_ERROR;
				CLANG_WARN_EMPTY_BODY = YES;
				CLANG_WARN_ENUM_CONVERSION = YES;
				CLANG_WARN_INT_CONVERSION = YES;
				CLANG_WARN_OBJC_ROOT_CLASS = YES_ERROR;
				CLANG_WARN__DUPLICATE_METHOD_MATCH = YES;
				"CODE_SIGN_IDENTITY[sdk=iphoneos*]" = "iPhone Developer";
				COPY_PHASE_STRIP = YES;
				ENABLE_NS_ASSERTIONS = NO;
				GCC_C_LANGUAGE_STANDARD = gnu99;
				GCC_WARN_64_TO_32_BIT_CONVERSION = YES;
				GCC_WARN_ABOUT_RETURN_TYPE = YES_ERROR;
				GCC_WARN_UNDECLARED_SELECTOR = YES;
				GCC_WARN_UNINITIALIZED_AUTOS = YES_AGGRESSIVE;
				GCC_WARN_UNUSED_FUNCTION = YES;
				GCC_WARN_UNUSED_VARIABLE = YES;
				IPHONEOS_DEPLOYMENT_TARGET = 7.1;
				SDKROOT = iphoneos;
				TARGETED_DEVICE_FAMILY = "1,2";
				VALIDATE_PRODUCT = YES;
			};
			name = Release;
		};
		6003F5C0195388D20070C39A /* Debug */ = {
			isa = XCBuildConfiguration;
			baseConfigurationReference = 319A4985D7911331C90C5F5E /* Pods-VISPER_Example.debug.xcconfig */;
			buildSettings = {
				ASSETCATALOG_COMPILER_APPICON_NAME = AppIcon;
				ASSETCATALOG_COMPILER_LAUNCHIMAGE_NAME = LaunchImage;
				GCC_PRECOMPILE_PREFIX_HEADER = YES;
				GCC_PREFIX_HEADER = "VISPER/VISPER-Prefix.pch";
				INFOPLIST_FILE = "VISPER/VISPER-Info.plist";
				IPHONEOS_DEPLOYMENT_TARGET = 8.0;
				MODULE_NAME = ExampleApp;
				PRODUCT_NAME = "$(TARGET_NAME)";
				WRAPPER_EXTENSION = app;
			};
			name = Debug;
		};
		6003F5C1195388D20070C39A /* Release */ = {
			isa = XCBuildConfiguration;
			baseConfigurationReference = D8706D22F30C2BA3679D8527 /* Pods-VISPER_Example.release.xcconfig */;
			buildSettings = {
				ASSETCATALOG_COMPILER_APPICON_NAME = AppIcon;
				ASSETCATALOG_COMPILER_LAUNCHIMAGE_NAME = LaunchImage;
				GCC_PRECOMPILE_PREFIX_HEADER = YES;
				GCC_PREFIX_HEADER = "VISPER/VISPER-Prefix.pch";
				INFOPLIST_FILE = "VISPER/VISPER-Info.plist";
				IPHONEOS_DEPLOYMENT_TARGET = 8.0;
				MODULE_NAME = ExampleApp;
				PRODUCT_NAME = "$(TARGET_NAME)";
				WRAPPER_EXTENSION = app;
			};
			name = Release;
		};
		6003F5C3195388D20070C39A /* Debug */ = {
			isa = XCBuildConfiguration;
			baseConfigurationReference = A556768BB39F29B0CB31A65B /* Pods-VISPER_Tests.debug.xcconfig */;
			buildSettings = {
				BUNDLE_LOADER = "$(TEST_HOST)";
				FRAMEWORK_SEARCH_PATHS = (
					"$(SDKROOT)/Developer/Library/Frameworks",
					"$(inherited)",
					"$(DEVELOPER_FRAMEWORKS_DIR)",
				);
				GCC_PRECOMPILE_PREFIX_HEADER = YES;
				GCC_PREFIX_HEADER = "Tests/Tests-Prefix.pch";
				GCC_PREPROCESSOR_DEFINITIONS = (
					"DEBUG=1",
					"$(inherited)",
				);
				INFOPLIST_FILE = "Tests/Tests-Info.plist";
				PRODUCT_NAME = "$(TARGET_NAME)";
				TEST_HOST = "$(BUILT_PRODUCTS_DIR)/VISPER_Example.app/VISPER_Example";
				WRAPPER_EXTENSION = xctest;
			};
			name = Debug;
		};
		6003F5C4195388D20070C39A /* Release */ = {
			isa = XCBuildConfiguration;
			baseConfigurationReference = 140269A6E6A9D4751D5AE028 /* Pods-VISPER_Tests.release.xcconfig */;
			buildSettings = {
				BUNDLE_LOADER = "$(TEST_HOST)";
				FRAMEWORK_SEARCH_PATHS = (
					"$(SDKROOT)/Developer/Library/Frameworks",
					"$(inherited)",
					"$(DEVELOPER_FRAMEWORKS_DIR)",
				);
				GCC_PRECOMPILE_PREFIX_HEADER = YES;
				GCC_PREFIX_HEADER = "Tests/Tests-Prefix.pch";
				INFOPLIST_FILE = "Tests/Tests-Info.plist";
				PRODUCT_NAME = "$(TARGET_NAME)";
				TEST_HOST = "$(BUILT_PRODUCTS_DIR)/VISPER_Example.app/VISPER_Example";
				WRAPPER_EXTENSION = xctest;
			};
			name = Release;
		};
/* End XCBuildConfiguration section */

/* Begin XCConfigurationList section */
		6003F585195388D10070C39A /* Build configuration list for PBXProject "VISPER" */ = {
			isa = XCConfigurationList;
			buildConfigurations = (
				6003F5BD195388D20070C39A /* Debug */,
				6003F5BE195388D20070C39A /* Release */,
			);
			defaultConfigurationIsVisible = 0;
			defaultConfigurationName = Release;
		};
		6003F5BF195388D20070C39A /* Build configuration list for PBXNativeTarget "VISPER_Example" */ = {
			isa = XCConfigurationList;
			buildConfigurations = (
				6003F5C0195388D20070C39A /* Debug */,
				6003F5C1195388D20070C39A /* Release */,
			);
			defaultConfigurationIsVisible = 0;
			defaultConfigurationName = Release;
		};
		6003F5C2195388D20070C39A /* Build configuration list for PBXNativeTarget "VISPER_Tests" */ = {
			isa = XCConfigurationList;
			buildConfigurations = (
				6003F5C3195388D20070C39A /* Debug */,
				6003F5C4195388D20070C39A /* Release */,
			);
			defaultConfigurationIsVisible = 0;
			defaultConfigurationName = Release;
		};
/* End XCConfigurationList section */
	};
	rootObject = 6003F582195388D10070C39A /* Project object */;
}
