PODS:
  - JLRoutes (1.5.5)
  - VISPER (0.2.1):
    - JLRoutes (~> 1.5.2)
    - VISPER-CommandBus
  - VISPER-CommandBus (0.1.0)

DEPENDENCIES:
  - VISPER (from `../`)

EXTERNAL SOURCES:
  VISPER:
    :path: ../

SPEC CHECKSUMS:
  JLRoutes: d191a496b820f60d70225202d04289582da962df
  VISPER: d05e801c7303d28dac53a91fea1ada2aa164f3b3
  VISPER-CommandBus: c27ae7246f0a72199f57dd9cd18153890b8cfaee

COCOAPODS: 0.39.0
