PODS:
  - JLRoutes (1.5.2)
  - Kiwi (2.3.1)
  - VISPER (0.1.2):
    - JLRoutes (~> 1.5.2)

DEPENDENCIES:
  - Kiwi
  - VISPER (from `../`)

EXTERNAL SOURCES:
  VISPER:
    :path: ../

SPEC CHECKSUMS:
  JLRoutes: fc36fd38ab476d5ac3a6a84b05be60e4b1a2bc81
  Kiwi: f038a6c61f7a9e4d7766bff5717aa3b3fdb75f55
  VISPER: ea74967892e38852d2a5bd099bce3576dff637cd

COCOAPODS: 0.37.2
