PODS:
  - JLRoutes (1.5.5)
  - VISPER (1.0.1):
    - JLRoutes (~> 1.5.2)
    - VISPER-CommandBus
  - VISPER-CommandBus (1.0.0)
  - VISPER-Reactive (0.1.2)
  - VISPER-Redux (0.1.2):
    - VISPER-Reactive
  - VISPER-Swift (0.1.0):
    - VISPER-Redux
    - VISPER-Wireframe
  - VISPER-Wireframe (0.1.0):
    - VISPER-Wireframe-Core
    - VISPER-Wireframe-Objc
    - VISPER-Wireframe-UIViewController
  - VISPER-Wireframe-Core (0.1.0)
  - VISPER-Wireframe-Objc (0.1.0):
    - VISPER-Wireframe-Core
  - VISPER-Wireframe-UIViewController (0.1.0):
    - VISPER-Wireframe-Objc

DEPENDENCIES:
  - VISPER (from `../`)
  - VISPER-CommandBus
  - VISPER-Reactive (from `../`)
  - VISPER-Redux (from `../`)
  - VISPER-Swift (from `../`)
  - VISPER-Wireframe (from `../`)
  - VISPER-Wireframe-Core (from `../`)
  - VISPER-Wireframe-Objc (from `../`)
  - VISPER-Wireframe-UIViewController (from `../`)

EXTERNAL SOURCES:
  VISPER:
    :path: ../
  VISPER-Reactive:
    :path: ../
  VISPER-Redux:
    :path: ../
  VISPER-Swift:
    :path: ../
  VISPER-Wireframe:
    :path: ../
  VISPER-Wireframe-Core:
    :path: ../
  VISPER-Wireframe-Objc:
    :path: ../
  VISPER-Wireframe-UIViewController:
    :path: ../

SPEC CHECKSUMS:
  JLRoutes: d191a496b820f60d70225202d04289582da962df
  VISPER: 2bc4f3684fdae00dd4a9bd92d57d283cc095aced
  VISPER-CommandBus: b422cb6b8c7b895cc7ecd206adc7fe265e2407b9
  VISPER-Reactive: 70fa324fbd0b448a2b5e53ab0ca2fbf6646aeadd
  VISPER-Redux: ca4be13c2d40c2dc7e0e5f2ab59e07e4886206ad
  VISPER-Swift: 4a41ea040d6088e851fc415da6d35ba29948ff94
  VISPER-Wireframe: 29a49c32c91739339b6b702f237dba9950c2e879
  VISPER-Wireframe-Core: f6521c5745d06b77aab7db8c2edfe23597a7022d
  VISPER-Wireframe-Objc: e3f999cef7473fa2df9d8870b37fb9cdf977ae51
  VISPER-Wireframe-UIViewController: de279b4ba733bf23171702569595ba8c86f1f96d

PODFILE CHECKSUM: 0d84db2f71f560e4f1afc2a0c8090ad977ab803d

COCOAPODS: 1.3.1
